
Microsoft Visual Studio Solution File, Format Version 12.00
# Visual Studio Version 17
VisualStudioVersion = 17.0.31919.166
MinimumVisualStudioVersion = 10.0.40219.1
Project("{2150E333-8FDC-42A3-9474-1A3956D46DE8}") = "UI", "UI", "{E5076375-B814-4896-9637-692A49BE0787}"
EndProject
Project("{2150E333-8FDC-42A3-9474-1A3956D46DE8}") = "Services", "Services", "{7B903D8A-1EC3-4794-8543-D21EDEF6F79B}"
EndProject
Project("{2150E333-8FDC-42A3-9474-1A3956D46DE8}") = "Data", "Data", "{CA47EB17-D95E-4127-9C0B-D219272FA108}"
EndProject
Project("{2150E333-8FDC-42A3-9474-1A3956D46DE8}") = "Common", "Common", "{162985EE-8E61-49E4-86AB-6736284E334E}"
EndProject
Project("{9A19103F-16F7-4668-BE54-9A1E7A4F7556}") = "WebStore.Domain", "Common\WebStore.Domain\WebStore.Domain.csproj", "{A30DC972-A2C4-44BE-B4B4-96B1A2851DAF}"
EndProject
Project("{9A19103F-16F7-4668-BE54-9A1E7A4F7556}") = "WebStore.DAL", "Data\WebStore.DAL\WebStore.DAL.csproj", "{97BDC1D5-10C6-49AF-ACEE-902653CC6C44}"
EndProject
Project("{9A19103F-16F7-4668-BE54-9A1E7A4F7556}") = "WebStore.DAL.Sqlite", "Data\WebStore.DAL.Sqlite\WebStore.DAL.Sqlite.csproj", "{809FB881-EC0F-45F3-A54A-ECD6F143E842}"
EndProject
Project("{9A19103F-16F7-4668-BE54-9A1E7A4F7556}") = "WebStore", "UI\WebStore\WebStore.csproj", "{C20764A5-BCB6-4D2F-AE33-2438845FE159}"
EndProject
Project("{9A19103F-16F7-4668-BE54-9A1E7A4F7556}") = "WebStore.Interfaces", "Services\WebStore.Interfaces\WebStore.Interfaces.csproj", "{14D7C60D-06CD-4AE8-BB08-A38D0790D086}"
EndProject
Project("{9A19103F-16F7-4668-BE54-9A1E7A4F7556}") = "WebStore.Services", "Services\WebStore.Services\WebStore.Services.csproj", "{7855EDCC-7250-47E6-99FE-3246867633D0}"
EndProject
Project("{2150E333-8FDC-42A3-9474-1A3956D46DE8}") = "Tests", "Tests", "{D645A37C-F470-414C-879E-4022946F5B09}"
EndProject
Project("{9A19103F-16F7-4668-BE54-9A1E7A4F7556}") = "TestConsole", "Tests\TestConsole\TestConsole.csproj", "{1040C818-52C1-477B-B6B4-73E8C94EBC2B}"
EndProject
Project("{9A19103F-16F7-4668-BE54-9A1E7A4F7556}") = "WebStore.WebAPI", "Services\WebStore.WebAPI\WebStore.WebAPI.csproj", "{E28E8994-2F15-4D91-B139-8F14A35ECC55}"
EndProject
Project("{9A19103F-16F7-4668-BE54-9A1E7A4F7556}") = "WebStore.WebAPI.Clients", "Services\WebStroe.WebAPI.Clients\WebStore.WebAPI.Clients.csproj", "{44F8C555-C3AD-44BF-83E0-00D374688136}"
EndProject
Project("{9A19103F-16F7-4668-BE54-9A1E7A4F7556}") = "WebStore.Logging", "Common\WebStore.Logging\WebStore.Logging.csproj", "{652FEA36-3486-437A-90D1-AF5418F930CC}"
EndProject
Project("{FAE04EC0-301F-11D3-BF4B-00C04F79EFBC}") = "WebStore.Tests", "Tests\WebStore.Tests\WebStore.Tests.csproj", "{384F450F-6927-412E-9B2B-03A719C42774}"
EndProject
Global
	GlobalSection(SolutionConfigurationPlatforms) = preSolution
		Debug|Any CPU = Debug|Any CPU
		Release|Any CPU = Release|Any CPU
	EndGlobalSection
	GlobalSection(ProjectConfigurationPlatforms) = postSolution
		{A30DC972-A2C4-44BE-B4B4-96B1A2851DAF}.Debug|Any CPU.ActiveCfg = Debug|Any CPU
		{A30DC972-A2C4-44BE-B4B4-96B1A2851DAF}.Debug|Any CPU.Build.0 = Debug|Any CPU
		{A30DC972-A2C4-44BE-B4B4-96B1A2851DAF}.Release|Any CPU.ActiveCfg = Release|Any CPU
		{A30DC972-A2C4-44BE-B4B4-96B1A2851DAF}.Release|Any CPU.Build.0 = Release|Any CPU
		{97BDC1D5-10C6-49AF-ACEE-902653CC6C44}.Debug|Any CPU.ActiveCfg = Debug|Any CPU
		{97BDC1D5-10C6-49AF-ACEE-902653CC6C44}.Debug|Any CPU.Build.0 = Debug|Any CPU
		{97BDC1D5-10C6-49AF-ACEE-902653CC6C44}.Release|Any CPU.ActiveCfg = Release|Any CPU
		{97BDC1D5-10C6-49AF-ACEE-902653CC6C44}.Release|Any CPU.Build.0 = Release|Any CPU
		{809FB881-EC0F-45F3-A54A-ECD6F143E842}.Debug|Any CPU.ActiveCfg = Debug|Any CPU
		{809FB881-EC0F-45F3-A54A-ECD6F143E842}.Debug|Any CPU.Build.0 = Debug|Any CPU
		{809FB881-EC0F-45F3-A54A-ECD6F143E842}.Release|Any CPU.ActiveCfg = Release|Any CPU
		{809FB881-EC0F-45F3-A54A-ECD6F143E842}.Release|Any CPU.Build.0 = Release|Any CPU
		{C20764A5-BCB6-4D2F-AE33-2438845FE159}.Debug|Any CPU.ActiveCfg = Debug|Any CPU
		{C20764A5-BCB6-4D2F-AE33-2438845FE159}.Debug|Any CPU.Build.0 = Debug|Any CPU
		{C20764A5-BCB6-4D2F-AE33-2438845FE159}.Release|Any CPU.ActiveCfg = Release|Any CPU
		{C20764A5-BCB6-4D2F-AE33-2438845FE159}.Release|Any CPU.Build.0 = Release|Any CPU
		{14D7C60D-06CD-4AE8-BB08-A38D0790D086}.Debug|Any CPU.ActiveCfg = Debug|Any CPU
		{14D7C60D-06CD-4AE8-BB08-A38D0790D086}.Debug|Any CPU.Build.0 = Debug|Any CPU
		{14D7C60D-06CD-4AE8-BB08-A38D0790D086}.Release|Any CPU.ActiveCfg = Release|Any CPU
		{14D7C60D-06CD-4AE8-BB08-A38D0790D086}.Release|Any CPU.Build.0 = Release|Any CPU
		{7855EDCC-7250-47E6-99FE-3246867633D0}.Debug|Any CPU.ActiveCfg = Debug|Any CPU
		{7855EDCC-7250-47E6-99FE-3246867633D0}.Debug|Any CPU.Build.0 = Debug|Any CPU
		{7855EDCC-7250-47E6-99FE-3246867633D0}.Release|Any CPU.ActiveCfg = Release|Any CPU
		{7855EDCC-7250-47E6-99FE-3246867633D0}.Release|Any CPU.Build.0 = Release|Any CPU
		{1040C818-52C1-477B-B6B4-73E8C94EBC2B}.Debug|Any CPU.ActiveCfg = Debug|Any CPU
		{1040C818-52C1-477B-B6B4-73E8C94EBC2B}.Debug|Any CPU.Build.0 = Debug|Any CPU
		{1040C818-52C1-477B-B6B4-73E8C94EBC2B}.Release|Any CPU.ActiveCfg = Release|Any CPU
		{1040C818-52C1-477B-B6B4-73E8C94EBC2B}.Release|Any CPU.Build.0 = Release|Any CPU
		{E28E8994-2F15-4D91-B139-8F14A35ECC55}.Debug|Any CPU.ActiveCfg = Debug|Any CPU
		{E28E8994-2F15-4D91-B139-8F14A35ECC55}.Debug|Any CPU.Build.0 = Debug|Any CPU
		{E28E8994-2F15-4D91-B139-8F14A35ECC55}.Release|Any CPU.ActiveCfg = Release|Any CPU
		{E28E8994-2F15-4D91-B139-8F14A35ECC55}.Release|Any CPU.Build.0 = Release|Any CPU
		{44F8C555-C3AD-44BF-83E0-00D374688136}.Debug|Any CPU.ActiveCfg = Debug|Any CPU
		{44F8C555-C3AD-44BF-83E0-00D374688136}.Debug|Any CPU.Build.0 = Debug|Any CPU
		{44F8C555-C3AD-44BF-83E0-00D374688136}.Release|Any CPU.ActiveCfg = Release|Any CPU
		{44F8C555-C3AD-44BF-83E0-00D374688136}.Release|Any CPU.Build.0 = Release|Any CPU
		{652FEA36-3486-437A-90D1-AF5418F930CC}.Debug|Any CPU.ActiveCfg = Debug|Any CPU
		{652FEA36-3486-437A-90D1-AF5418F930CC}.Debug|Any CPU.Build.0 = Debug|Any CPU
		{652FEA36-3486-437A-90D1-AF5418F930CC}.Release|Any CPU.ActiveCfg = Release|Any CPU
		{652FEA36-3486-437A-90D1-AF5418F930CC}.Release|Any CPU.Build.0 = Release|Any CPU
		{384F450F-6927-412E-9B2B-03A719C42774}.Debug|Any CPU.ActiveCfg = Debug|Any CPU
		{384F450F-6927-412E-9B2B-03A719C42774}.Debug|Any CPU.Build.0 = Debug|Any CPU
		{384F450F-6927-412E-9B2B-03A719C42774}.Release|Any CPU.ActiveCfg = Release|Any CPU
		{384F450F-6927-412E-9B2B-03A719C42774}.Release|Any CPU.Build.0 = Release|Any CPU
	EndGlobalSection
	GlobalSection(SolutionProperties) = preSolution
		HideSolutionNode = FALSE
	EndGlobalSection
	GlobalSection(NestedProjects) = preSolution
		{A30DC972-A2C4-44BE-B4B4-96B1A2851DAF} = {162985EE-8E61-49E4-86AB-6736284E334E}
		{97BDC1D5-10C6-49AF-ACEE-902653CC6C44} = {CA47EB17-D95E-4127-9C0B-D219272FA108}
		{809FB881-EC0F-45F3-A54A-ECD6F143E842} = {CA47EB17-D95E-4127-9C0B-D219272FA108}
		{C20764A5-BCB6-4D2F-AE33-2438845FE159} = {E5076375-B814-4896-9637-692A49BE0787}
		{14D7C60D-06CD-4AE8-BB08-A38D0790D086} = {7B903D8A-1EC3-4794-8543-D21EDEF6F79B}
		{7855EDCC-7250-47E6-99FE-3246867633D0} = {7B903D8A-1EC3-4794-8543-D21EDEF6F79B}
		{1040C818-52C1-477B-B6B4-73E8C94EBC2B} = {D645A37C-F470-414C-879E-4022946F5B09}
		{E28E8994-2F15-4D91-B139-8F14A35ECC55} = {7B903D8A-1EC3-4794-8543-D21EDEF6F79B}
		{44F8C555-C3AD-44BF-83E0-00D374688136} = {7B903D8A-1EC3-4794-8543-D21EDEF6F79B}
		{652FEA36-3486-437A-90D1-AF5418F930CC} = {162985EE-8E61-49E4-86AB-6736284E334E}
		{384F450F-6927-412E-9B2B-03A719C42774} = {D645A37C-F470-414C-879E-4022946F5B09}
	EndGlobalSection
	GlobalSection(ExtensibilityGlobals) = postSolution
		SolutionGuid = {CEC6067F-60E1-41EE-A9BF-D69D58C6CA35}
	EndGlobalSection
EndGlobal
